
Microsoft Visual Studio Solution File, Format Version 12.00
# Visual Studio Version 17
VisualStudioVersion = 17.3.32804.467
MinimumVisualStudioVersion = 10.0.40219.1
Project("{FAE04EC0-301F-11D3-BF4B-00C04F79EFBC}") = "CustomerHealthDashboardWebApi", "CustomerHealthDashboardWebApi\CustomerHealthDashboardWebApi.csproj", "{0B079DCC-99A9-4FA8-B2A1-F5DA8FB52606}"
EndProject
Global
	GlobalSection(SolutionConfigurationPlatforms) = preSolution
		Debug|Any CPU = Debug|Any CPU
		Release|Any CPU = Release|Any CPU
	EndGlobalSection
	GlobalSection(ProjectConfigurationPlatforms) = postSolution
		{0B079DCC-99A9-4FA8-B2A1-F5DA8FB52606}.Debug|Any CPU.ActiveCfg = Debug|Any CPU
		{0B079DCC-99A9-4FA8-B2A1-F5DA8FB52606}.Debug|Any CPU.Build.0 = Debug|Any CPU
		{0B079DCC-99A9-4FA8-B2A1-F5DA8FB52606}.Release|Any CPU.ActiveCfg = Release|Any CPU
		{0B079DCC-99A9-4FA8-B2A1-F5DA8FB52606}.Release|Any CPU.Build.0 = Release|Any CPU
	EndGlobalSection
	GlobalSection(SolutionProperties) = preSolution
		HideSolutionNode = FALSE
	EndGlobalSection
	GlobalSection(ExtensibilityGlobals) = postSolution
		SolutionGuid = {89CC0687-6293-424D-B3E9-635CC482F418}
	EndGlobalSection
EndGlobal
